
Microsoft Visual Studio Solution File, Format Version 12.00
# Visual Studio Version 17
VisualStudioVersion = 17.11.35327.3
MinimumVisualStudioVersion = 10.0.40219.1
Project("{888888A0-9F3D-457C-B088-3A5042F75D52}") = "RSL_bot", "RSL_bot.pyproj", "{49FF9291-4151-4A2F-97EA-67AC87674513}"
EndProject
Global
	GlobalSection(SolutionConfigurationPlatforms) = preSolution
		Debug|Any CPU = Debug|Any CPU
		Release|Any CPU = Release|Any CPU
	EndGlobalSection
	GlobalSection(ProjectConfigurationPlatforms) = postSolution
		{49FF9291-4151-4A2F-97EA-67AC87674513}.Debug|Any CPU.ActiveCfg = Debug|Any CPU
		{49FF9291-4151-4A2F-97EA-67AC87674513}.Release|Any CPU.ActiveCfg = Release|Any CPU
	EndGlobalSection
	GlobalSection(SolutionProperties) = preSolution
		HideSolutionNode = FALSE
	EndGlobalSection
	GlobalSection(ExtensibilityGlobals) = postSolution
		SolutionGuid = {780A86F3-EB0D-40EA-9E40-F8C07C08E196}
	EndGlobalSection
EndGlobal
